{
  "requires": true,
  "lockfileVersion": 1,
  "dependencies": {
    "@golevelup/ts-jest": {
      "version": "0.3.1",
      "resolved": "https://hub.critical-links.com:543/@golevelup%2fts-jest/-/ts-jest-0.3.1.tgz",
      "integrity": "sha512-Tv9+czaB30o6NaKfrW1IA+TpPC2mh2Z/INRCwZZ6Rh3P6kHvkPYQ7aWba1v7mOkXMsvLyCAGfvH9FD2ew4t/IQ=="
    },
    "jest-mock-req-res": {
      "version": "1.0.2",
      "resolved": "https://hub.critical-links.com:543/jest-mock-req-res/-/jest-mock-req-res-1.0.2.tgz",
      "integrity": "sha512-K8pWTP5RS9nr2RJ2FurGY5jlFYMufUGM9T3pXGvPeKoRYoSBPJriXPP76aJQ7c82r8Eu7SrJ31Q5/zMX/iLH/Q==",
      "dev": true
    }
  }
}
